
Microsoft Visual Studio Solution File, Format Version 12.00
# Visual Studio 15
VisualStudioVersion = 15.0.26430.14
MinimumVisualStudioVersion = 10.0.40219.1
Project("{FAE04EC0-301F-11D3-BF4B-00C04F79EFBC}") = "Jarvis", "Jarvis\Jarvis.csproj", "{736EC537-76CA-4799-A817-97FDAB52E27A}"
EndProject
Project("{FAE04EC0-301F-11D3-BF4B-00C04F79EFBC}") = "PunctuationFinder", "PunctuationFinder\PunctuationFinder.csproj", "{E95FC7FE-3FE4-42AB-AB55-CE514DD05FBF}"
EndProject
Project("{FAE04EC0-301F-11D3-BF4B-00C04F79EFBC}") = "WriteToFile", "WriteToFile\WriteToFile.csproj", "{5DD5ABF1-E3FF-4614-8CD6-C9A8BF4A850A}"
EndProject
Global
	GlobalSection(SolutionConfigurationPlatforms) = preSolution
		Debug|Any CPU = Debug|Any CPU
		Release|Any CPU = Release|Any CPU
	EndGlobalSection
	GlobalSection(ProjectConfigurationPlatforms) = postSolution
		{736EC537-76CA-4799-A817-97FDAB52E27A}.Debug|Any CPU.ActiveCfg = Debug|Any CPU
		{736EC537-76CA-4799-A817-97FDAB52E27A}.Debug|Any CPU.Build.0 = Debug|Any CPU
		{736EC537-76CA-4799-A817-97FDAB52E27A}.Release|Any CPU.ActiveCfg = Release|Any CPU
		{736EC537-76CA-4799-A817-97FDAB52E27A}.Release|Any CPU.Build.0 = Release|Any CPU
		{E95FC7FE-3FE4-42AB-AB55-CE514DD05FBF}.Debug|Any CPU.ActiveCfg = Debug|Any CPU
		{E95FC7FE-3FE4-42AB-AB55-CE514DD05FBF}.Debug|Any CPU.Build.0 = Debug|Any CPU
		{E95FC7FE-3FE4-42AB-AB55-CE514DD05FBF}.Release|Any CPU.ActiveCfg = Release|Any CPU
		{E95FC7FE-3FE4-42AB-AB55-CE514DD05FBF}.Release|Any CPU.Build.0 = Release|Any CPU
		{5DD5ABF1-E3FF-4614-8CD6-C9A8BF4A850A}.Debug|Any CPU.ActiveCfg = Debug|Any CPU
		{5DD5ABF1-E3FF-4614-8CD6-C9A8BF4A850A}.Debug|Any CPU.Build.0 = Debug|Any CPU
		{5DD5ABF1-E3FF-4614-8CD6-C9A8BF4A850A}.Release|Any CPU.ActiveCfg = Release|Any CPU
		{5DD5ABF1-E3FF-4614-8CD6-C9A8BF4A850A}.Release|Any CPU.Build.0 = Release|Any CPU
	EndGlobalSection
	GlobalSection(SolutionProperties) = preSolution
		HideSolutionNode = FALSE
	EndGlobalSection
EndGlobal
