
Microsoft Visual Studio Solution File, Format Version 12.00
# Visual Studio 14
VisualStudioVersion = 14.0.25420.1
MinimumVisualStudioVersion = 10.0.40219.1
Project("{FAE04EC0-301F-11D3-BF4B-00C04F79EFBC}") = "ReplaceATag", "ReplaceATag\ReplaceATag.csproj", "{E138657E-C646-4CEA-B67E-CF32E4FD2584}"
EndProject
Project("{FAE04EC0-301F-11D3-BF4B-00C04F79EFBC}") = "ExtractEmails", "ExtractEmails\ExtractEmails.csproj", "{F49AB9C3-DA1D-42F3-94D0-8E37290D8551}"
EndProject
Project("{FAE04EC0-301F-11D3-BF4B-00C04F79EFBC}") = "ExtractSentencesByKeyword", "ExtractSentencesByKeyword\ExtractSentencesByKeyword.csproj", "{F1CEF1B1-326D-41A8-BF6D-F0586AE3E6CF}"
EndProject
Project("{FAE04EC0-301F-11D3-BF4B-00C04F79EFBC}") = "ValidUsernames", "ValidUsernames\ValidUsernames.csproj", "{D4E6AD2C-35D9-4DAE-9A51-1EF1FBA0D46F}"
EndProject
Project("{FAE04EC0-301F-11D3-BF4B-00C04F79EFBC}") = "QueryMess", "QueryMess\QueryMess.csproj", "{2BA72944-0994-4F04-B954-B6D9F4025E94}"
EndProject
Global
	GlobalSection(SolutionConfigurationPlatforms) = preSolution
		Debug|Any CPU = Debug|Any CPU
		Release|Any CPU = Release|Any CPU
	EndGlobalSection
	GlobalSection(ProjectConfigurationPlatforms) = postSolution
		{E138657E-C646-4CEA-B67E-CF32E4FD2584}.Debug|Any CPU.ActiveCfg = Debug|Any CPU
		{E138657E-C646-4CEA-B67E-CF32E4FD2584}.Debug|Any CPU.Build.0 = Debug|Any CPU
		{E138657E-C646-4CEA-B67E-CF32E4FD2584}.Release|Any CPU.ActiveCfg = Release|Any CPU
		{E138657E-C646-4CEA-B67E-CF32E4FD2584}.Release|Any CPU.Build.0 = Release|Any CPU
		{F49AB9C3-DA1D-42F3-94D0-8E37290D8551}.Debug|Any CPU.ActiveCfg = Debug|Any CPU
		{F49AB9C3-DA1D-42F3-94D0-8E37290D8551}.Debug|Any CPU.Build.0 = Debug|Any CPU
		{F49AB9C3-DA1D-42F3-94D0-8E37290D8551}.Release|Any CPU.ActiveCfg = Release|Any CPU
		{F49AB9C3-DA1D-42F3-94D0-8E37290D8551}.Release|Any CPU.Build.0 = Release|Any CPU
		{F1CEF1B1-326D-41A8-BF6D-F0586AE3E6CF}.Debug|Any CPU.ActiveCfg = Debug|Any CPU
		{F1CEF1B1-326D-41A8-BF6D-F0586AE3E6CF}.Debug|Any CPU.Build.0 = Debug|Any CPU
		{F1CEF1B1-326D-41A8-BF6D-F0586AE3E6CF}.Release|Any CPU.ActiveCfg = Release|Any CPU
		{F1CEF1B1-326D-41A8-BF6D-F0586AE3E6CF}.Release|Any CPU.Build.0 = Release|Any CPU
		{D4E6AD2C-35D9-4DAE-9A51-1EF1FBA0D46F}.Debug|Any CPU.ActiveCfg = Debug|Any CPU
		{D4E6AD2C-35D9-4DAE-9A51-1EF1FBA0D46F}.Debug|Any CPU.Build.0 = Debug|Any CPU
		{D4E6AD2C-35D9-4DAE-9A51-1EF1FBA0D46F}.Release|Any CPU.ActiveCfg = Release|Any CPU
		{D4E6AD2C-35D9-4DAE-9A51-1EF1FBA0D46F}.Release|Any CPU.Build.0 = Release|Any CPU
		{2BA72944-0994-4F04-B954-B6D9F4025E94}.Debug|Any CPU.ActiveCfg = Debug|Any CPU
		{2BA72944-0994-4F04-B954-B6D9F4025E94}.Debug|Any CPU.Build.0 = Debug|Any CPU
		{2BA72944-0994-4F04-B954-B6D9F4025E94}.Release|Any CPU.ActiveCfg = Release|Any CPU
		{2BA72944-0994-4F04-B954-B6D9F4025E94}.Release|Any CPU.Build.0 = Release|Any CPU
	EndGlobalSection
	GlobalSection(SolutionProperties) = preSolution
		HideSolutionNode = FALSE
	EndGlobalSection
EndGlobal
